// !$*UTF8*$!
{
	archiveVersion = 1;
	classes = {
	};
	objectVersion = 50;
	objects = {

/* Begin PBXBuildFile section */
		52597AF124621F6500AC3D07 /* AppDelegate.swift in Sources */ = {isa = PBXBuildFile; fileRef = 52597AF024621F6500AC3D07 /* AppDelegate.swift */; };
		52597AF324621F6500AC3D07 /* SceneDelegate.swift in Sources */ = {isa = PBXBuildFile; fileRef = 52597AF224621F6500AC3D07 /* SceneDelegate.swift */; };
		52597AF524621F6500AC3D07 /* ViewController.swift in Sources */ = {isa = PBXBuildFile; fileRef = 52597AF424621F6500AC3D07 /* ViewController.swift */; };
		52597AF824621F6500AC3D07 /* Main.storyboard in Resources */ = {isa = PBXBuildFile; fileRef = 52597AF624621F6500AC3D07 /* Main.storyboard */; };
		52597AFA24621F6600AC3D07 /* Assets.xcassets in Resources */ = {isa = PBXBuildFile; fileRef = 52597AF924621F6600AC3D07 /* Assets.xcassets */; };
		52597AFD24621F6600AC3D07 /* LaunchScreen.storyboard in Resources */ = {isa = PBXBuildFile; fileRef = 52597AFB24621F6600AC3D07 /* LaunchScreen.storyboard */; };
		52597B0524622C7800AC3D07 /* loginView.xib in Resources */ = {isa = PBXBuildFile; fileRef = 52597B0424622C7800AC3D07 /* loginView.xib */; };
		52597B0724622DF200AC3D07 /* loginView.swift in Sources */ = {isa = PBXBuildFile; fileRef = 52597B0624622DF200AC3D07 /* loginView.swift */; };
		52B8789524630304003A6B37 /* QuizViewController.swift in Sources */ = {isa = PBXBuildFile; fileRef = 52B8789424630304003A6B37 /* QuizViewController.swift */; };
		52B8789A2463428D003A6B37 /* Quiz.swift in Sources */ = {isa = PBXBuildFile; fileRef = 52B878992463428D003A6B37 /* Quiz.swift */; };
		52B8789C246349BF003A6B37 /* Question.swift in Sources */ = {isa = PBXBuildFile; fileRef = 52B8789B246349BF003A6B37 /* Question.swift */; };
		52B8789F246360C2003A6B37 /* QuizService.swift in Sources */ = {isa = PBXBuildFile; fileRef = 52B8789E246360C2003A6B37 /* QuizService.swift */; };
		52D36F9E2465D7C700ADDF67 /* QuizTableViewCell.xib in Resources */ = {isa = PBXBuildFile; fileRef = 52D36F9D2465D7C700ADDF67 /* QuizTableViewCell.xib */; };
		52D36FA02465DC4600ADDF67 /* QuizTableViewCell.swift in Sources */ = {isa = PBXBuildFile; fileRef = 52D36F9F2465DC4600ADDF67 /* QuizTableViewCell.swift */; };
		52D550E92462FF8C0005FBD1 /* QuizViewController.xib in Resources */ = {isa = PBXBuildFile; fileRef = 52D550E82462FF8C0005FBD1 /* QuizViewController.xib */; };
/* End PBXBuildFile section */

/* Begin PBXFileReference section */
		52597AED24621F6500AC3D07 /* QuizApp.app */ = {isa = PBXFileReference; explicitFileType = wrapper.application; includeInIndex = 0; path = QuizApp.app; sourceTree = BUILT_PRODUCTS_DIR; };
		52597AF024621F6500AC3D07 /* AppDelegate.swift */ = {isa = PBXFileReference; lastKnownFileType = sourcecode.swift; path = AppDelegate.swift; sourceTree = "<group>"; };
		52597AF224621F6500AC3D07 /* SceneDelegate.swift */ = {isa = PBXFileReference; lastKnownFileType = sourcecode.swift; path = SceneDelegate.swift; sourceTree = "<group>"; };
		52597AF424621F6500AC3D07 /* ViewController.swift */ = {isa = PBXFileReference; lastKnownFileType = sourcecode.swift; path = ViewController.swift; sourceTree = "<group>"; };
		52597AF724621F6500AC3D07 /* Base */ = {isa = PBXFileReference; lastKnownFileType = file.storyboard; name = Base; path = Base.lproj/Main.storyboard; sourceTree = "<group>"; };
		52597AF924621F6600AC3D07 /* Assets.xcassets */ = {isa = PBXFileReference; lastKnownFileType = folder.assetcatalog; path = Assets.xcassets; sourceTree = "<group>"; };
		52597AFC24621F6600AC3D07 /* Base */ = {isa = PBXFileReference; lastKnownFileType = file.storyboard; name = Base; path = Base.lproj/LaunchScreen.storyboard; sourceTree = "<group>"; };
		52597AFE24621F6600AC3D07 /* Info.plist */ = {isa = PBXFileReference; lastKnownFileType = text.plist.xml; path = Info.plist; sourceTree = "<group>"; };
		52597B0424622C7800AC3D07 /* loginView.xib */ = {isa = PBXFileReference; lastKnownFileType = file.xib; path = loginView.xib; sourceTree = "<group>"; };
		52597B0624622DF200AC3D07 /* loginView.swift */ = {isa = PBXFileReference; lastKnownFileType = sourcecode.swift; path = loginView.swift; sourceTree = "<group>"; };
		52B8789424630304003A6B37 /* QuizViewController.swift */ = {isa = PBXFileReference; lastKnownFileType = sourcecode.swift; path = QuizViewController.swift; sourceTree = "<group>"; };
		52B878992463428D003A6B37 /* Quiz.swift */ = {isa = PBXFileReference; lastKnownFileType = sourcecode.swift; path = Quiz.swift; sourceTree = "<group>"; };
		52B8789B246349BF003A6B37 /* Question.swift */ = {isa = PBXFileReference; lastKnownFileType = sourcecode.swift; path = Question.swift; sourceTree = "<group>"; };
		52B8789E246360C2003A6B37 /* QuizService.swift */ = {isa = PBXFileReference; lastKnownFileType = sourcecode.swift; path = QuizService.swift; sourceTree = "<group>"; };
		52D36F9D2465D7C700ADDF67 /* QuizTableViewCell.xib */ = {isa = PBXFileReference; lastKnownFileType = file.xib; path = QuizTableViewCell.xib; sourceTree = "<group>"; };
		52D36F9F2465DC4600ADDF67 /* QuizTableViewCell.swift */ = {isa = PBXFileReference; lastKnownFileType = sourcecode.swift; path = QuizTableViewCell.swift; sourceTree = "<group>"; };
		52D550E82462FF8C0005FBD1 /* QuizViewController.xib */ = {isa = PBXFileReference; lastKnownFileType = file.xib; path = QuizViewController.xib; sourceTree = "<group>"; };
/* End PBXFileReference section */

/* Begin PBXFrameworksBuildPhase section */
		52597AEA24621F6500AC3D07 /* Frameworks */ = {
			isa = PBXFrameworksBuildPhase;
			buildActionMask = 2147483647;
			files = (
			);
			runOnlyForDeploymentPostprocessing = 0;
		};
/* End PBXFrameworksBuildPhase section */

/* Begin PBXGroup section */
		52597AE424621F6500AC3D07 = {
			isa = PBXGroup;
			children = (
				52597AEF24621F6500AC3D07 /* QuizApp */,
				52597AEE24621F6500AC3D07 /* Products */,
			);
			sourceTree = "<group>";
		};
		52597AEE24621F6500AC3D07 /* Products */ = {
			isa = PBXGroup;
			children = (
				52597AED24621F6500AC3D07 /* QuizApp.app */,
			);
			name = Products;
			sourceTree = "<group>";
		};
		52597AEF24621F6500AC3D07 /* QuizApp */ = {
			isa = PBXGroup;
			children = (
				52B8789624632FD9003A6B37 /* Model */,
				52B8789724632FE1003A6B37 /* ViewControl */,
				52B8789824632FF0003A6B37 /* View */,
				52B8789D246360A4003A6B37 /* Service */,
				52D550E7246239530005FBD1 /* Support Files */,
				52597AF224621F6500AC3D07 /* SceneDelegate.swift */,
				52597AFB24621F6600AC3D07 /* LaunchScreen.storyboard */,
				52597AF424621F6500AC3D07 /* ViewController.swift */,
				52597AF624621F6500AC3D07 /* Main.storyboard */,
			);
			path = QuizApp;
			sourceTree = "<group>";
		};
		52B8789624632FD9003A6B37 /* Model */ = {
			isa = PBXGroup;
			children = (
				52B878992463428D003A6B37 /* Quiz.swift */,
				52B8789B246349BF003A6B37 /* Question.swift */,
			);
			path = Model;
			sourceTree = "<group>";
		};
		52B8789724632FE1003A6B37 /* ViewControl */ = {
			isa = PBXGroup;
			children = (
				52597B0624622DF200AC3D07 /* loginView.swift */,
				52597B0424622C7800AC3D07 /* loginView.xib */,
				52B8789424630304003A6B37 /* QuizViewController.swift */,
				52D550E82462FF8C0005FBD1 /* QuizViewController.xib */,
			);
			path = ViewControl;
			sourceTree = "<group>";
		};
		52B8789824632FF0003A6B37 /* View */ = {
			isa = PBXGroup;
			children = (
				52D36F9D2465D7C700ADDF67 /* QuizTableViewCell.xib */,
				52D36F9F2465DC4600ADDF67 /* QuizTableViewCell.swift */,
			);
			path = View;
			sourceTree = "<group>";
		};
		52B8789D246360A4003A6B37 /* Service */ = {
			isa = PBXGroup;
			children = (
				52B8789E246360C2003A6B37 /* QuizService.swift */,
			);
			path = Service;
			sourceTree = "<group>";
		};
		52D550E7246239530005FBD1 /* Support Files */ = {
			isa = PBXGroup;
			children = (
				52597AFE24621F6600AC3D07 /* Info.plist */,
				52597AF024621F6500AC3D07 /* AppDelegate.swift */,
				52597AF924621F6600AC3D07 /* Assets.xcassets */,
			);
			path = "Support Files";
			sourceTree = "<group>";
		};
/* End PBXGroup section */

/* Begin PBXNativeTarget section */
		52597AEC24621F6500AC3D07 /* QuizApp */ = {
			isa = PBXNativeTarget;
			buildConfigurationList = 52597B0124621F6600AC3D07 /* Build configuration list for PBXNativeTarget "QuizApp" */;
			buildPhases = (
				52597AE924621F6500AC3D07 /* Sources */,
				52597AEA24621F6500AC3D07 /* Frameworks */,
				52597AEB24621F6500AC3D07 /* Resources */,
			);
			buildRules = (
			);
			dependencies = (
			);
			name = QuizApp;
			productName = QuizApp;
			productReference = 52597AED24621F6500AC3D07 /* QuizApp.app */;
			productType = "com.apple.product-type.application";
		};
/* End PBXNativeTarget section */

/* Begin PBXProject section */
		52597AE524621F6500AC3D07 /* Project object */ = {
			isa = PBXProject;
			attributes = {
				LastSwiftUpdateCheck = 1140;
				LastUpgradeCheck = 1140;
				ORGANIZATIONNAME = five;
				TargetAttributes = {
					52597AEC24621F6500AC3D07 = {
						CreatedOnToolsVersion = 11.4.1;
					};
				};
			};
			buildConfigurationList = 52597AE824621F6500AC3D07 /* Build configuration list for PBXProject "QuizApp" */;
			compatibilityVersion = "Xcode 9.3";
			developmentRegion = en;
			hasScannedForEncodings = 0;
			knownRegions = (
				en,
				Base,
			);
			mainGroup = 52597AE424621F6500AC3D07;
			productRefGroup = 52597AEE24621F6500AC3D07 /* Products */;
			projectDirPath = "";
			projectRoot = "";
			targets = (
				52597AEC24621F6500AC3D07 /* QuizApp */,
			);
		};
/* End PBXProject section */

/* Begin PBXResourcesBuildPhase section */
		52597AEB24621F6500AC3D07 /* Resources */ = {
			isa = PBXResourcesBuildPhase;
			buildActionMask = 2147483647;
			files = (
				52D36F9E2465D7C700ADDF67 /* QuizTableViewCell.xib in Resources */,
				52597AFD24621F6600AC3D07 /* LaunchScreen.storyboard in Resources */,
				52597AFA24621F6600AC3D07 /* Assets.xcassets in Resources */,
				52597B0524622C7800AC3D07 /* loginView.xib in Resources */,
				52597AF824621F6500AC3D07 /* Main.storyboard in Resources */,
				52D550E92462FF8C0005FBD1 /* QuizViewController.xib in Resources */,
			);
			runOnlyForDeploymentPostprocessing = 0;
		};
/* End PBXResourcesBuildPhase section */

/* Begin PBXSourcesBuildPhase section */
		52597AE924621F6500AC3D07 /* Sources */ = {
			isa = PBXSourcesBuildPhase;
			buildActionMask = 2147483647;
			files = (
				52597AF524621F6500AC3D07 /* ViewController.swift in Sources */,
				52597AF124621F6500AC3D07 /* AppDelegate.swift in Sources */,
				52B8789A2463428D003A6B37 /* Quiz.swift in Sources */,
				52B8789524630304003A6B37 /* QuizViewController.swift in Sources */,
				52597B0724622DF200AC3D07 /* loginView.swift in Sources */,
				52B8789C246349BF003A6B37 /* Question.swift in Sources */,
				52B8789F246360C2003A6B37 /* QuizService.swift in Sources */,
				52597AF324621F6500AC3D07 /* SceneDelegate.swift in Sources */,
				52D36FA02465DC4600ADDF67 /* QuizTableViewCell.swift in Sources */,
			);
			runOnlyForDeploymentPostprocessing = 0;
		};
/* End PBXSourcesBuildPhase section */

/* Begin PBXVariantGroup section */
		52597AF624621F6500AC3D07 /* Main.storyboard */ = {
			isa = PBXVariantGroup;
			children = (
				52597AF724621F6500AC3D07 /* Base */,
			);
			name = Main.storyboard;
			sourceTree = "<group>";
		};
		52597AFB24621F6600AC3D07 /* LaunchScreen.storyboard */ = {
			isa = PBXVariantGroup;
			children = (
				52597AFC24621F6600AC3D07 /* Base */,
			);
			name = LaunchScreen.storyboard;
			sourceTree = "<group>";
		};
/* End PBXVariantGroup section */

/* Begin XCBuildConfiguration section */
		52597AFF24621F6600AC3D07 /* Debug */ = {
			isa = XCBuildConfiguration;
			buildSettings = {
				ALWAYS_SEARCH_USER_PATHS = NO;
				CLANG_ANALYZER_NONNULL = YES;
				CLANG_ANALYZER_NUMBER_OBJECT_CONVERSION = YES_AGGRESSIVE;
				CLANG_CXX_LANGUAGE_STANDARD = "gnu++14";
				CLANG_CXX_LIBRARY = "libc++";
				CLANG_ENABLE_MODULES = YES;
				CLANG_ENABLE_OBJC_ARC = YES;
				CLANG_ENABLE_OBJC_WEAK = YES;
				CLANG_WARN_BLOCK_CAPTURE_AUTORELEASING = YES;
				CLANG_WARN_BOOL_CONVERSION = YES;
				CLANG_WARN_COMMA = YES;
				CLANG_WARN_CONSTANT_CONVERSION = YES;
				CLANG_WARN_DEPRECATED_OBJC_IMPLEMENTATIONS = YES;
				CLANG_WARN_DIRECT_OBJC_ISA_USAGE = YES_ERROR;
				CLANG_WARN_DOCUMENTATION_COMMENTS = YES;
				CLANG_WARN_EMPTY_BODY = YES;
				CLANG_WARN_ENUM_CONVERSION = YES;
				CLANG_WARN_INFINITE_RECURSION = YES;
				CLANG_WARN_INT_CONVERSION = YES;
				CLANG_WARN_NON_LITERAL_NULL_CONVERSION = YES;
				CLANG_WARN_OBJC_IMPLICIT_RETAIN_SELF = YES;
				CLANG_WARN_OBJC_LITERAL_CONVERSION = YES;
				CLANG_WARN_OBJC_ROOT_CLASS = YES_ERROR;
				CLANG_WARN_RANGE_LOOP_ANALYSIS = YES;
				CLANG_WARN_STRICT_PROTOTYPES = YES;
				CLANG_WARN_SUSPICIOUS_MOVE = YES;
				CLANG_WARN_UNGUARDED_AVAILABILITY = YES_AGGRESSIVE;
				CLANG_WARN_UNREACHABLE_CODE = YES;
				CLANG_WARN__DUPLICATE_METHOD_MATCH = YES;
				COPY_PHASE_STRIP = NO;
				DEBUG_INFORMATION_FORMAT = dwarf;
				ENABLE_STRICT_OBJC_MSGSEND = YES;
				ENABLE_TESTABILITY = YES;
				GCC_C_LANGUAGE_STANDARD = gnu11;
				GCC_DYNAMIC_NO_PIC = NO;
				GCC_NO_COMMON_BLOCKS = YES;
				GCC_OPTIMIZATION_LEVEL = 0;
				GCC_PREPROCESSOR_DEFINITIONS = (
					"DEBUG=1",
					"$(inherited)",
				);
				GCC_WARN_64_TO_32_BIT_CONVERSION = YES;
				GCC_WARN_ABOUT_RETURN_TYPE = YES_ERROR;
				GCC_WARN_UNDECLARED_SELECTOR = YES;
				GCC_WARN_UNINITIALIZED_AUTOS = YES_AGGRESSIVE;
				GCC_WARN_UNUSED_FUNCTION = YES;
				GCC_WARN_UNUSED_VARIABLE = YES;
				IPHONEOS_DEPLOYMENT_TARGET = 13.4;
				MTL_ENABLE_DEBUG_INFO = INCLUDE_SOURCE;
				MTL_FAST_MATH = YES;
				ONLY_ACTIVE_ARCH = YES;
				SDKROOT = iphoneos;
				SWIFT_ACTIVE_COMPILATION_CONDITIONS = DEBUG;
				SWIFT_OPTIMIZATION_LEVEL = "-Onone";
			};
			name = Debug;
		};
		52597B0024621F6600AC3D07 /* Release */ = {
			isa = XCBuildConfiguration;
			buildSettings = {
				ALWAYS_SEARCH_USER_PATHS = NO;
				CLANG_ANALYZER_NONNULL = YES;
				CLANG_ANALYZER_NUMBER_OBJECT_CONVERSION = YES_AGGRESSIVE;
				CLANG_CXX_LANGUAGE_STANDARD = "gnu++14";
				CLANG_CXX_LIBRARY = "libc++";
				CLANG_ENABLE_MODULES = YES;
				CLANG_ENABLE_OBJC_ARC = YES;
				CLANG_ENABLE_OBJC_WEAK = YES;
				CLANG_WARN_BLOCK_CAPTURE_AUTORELEASING = YES;
				CLANG_WARN_BOOL_CONVERSION = YES;
				CLANG_WARN_COMMA = YES;
				CLANG_WARN_CONSTANT_CONVERSION = YES;
				CLANG_WARN_DEPRECATED_OBJC_IMPLEMENTATIONS = YES;
				CLANG_WARN_DIRECT_OBJC_ISA_USAGE = YES_ERROR;
				CLANG_WARN_DOCUMENTATION_COMMENTS = YES;
				CLANG_WARN_EMPTY_BODY = YES;
				CLANG_WARN_ENUM_CONVERSION = YES;
				CLANG_WARN_INFINITE_RECURSION = YES;
				CLANG_WARN_INT_CONVERSION = YES;
				CLANG_WARN_NON_LITERAL_NULL_CONVERSION = YES;
				CLANG_WARN_OBJC_IMPLICIT_RETAIN_SELF = YES;
				CLANG_WARN_OBJC_LITERAL_CONVERSION = YES;
				CLANG_WARN_OBJC_ROOT_CLASS = YES_ERROR;
				CLANG_WARN_RANGE_LOOP_ANALYSIS = YES;
				CLANG_WARN_STRICT_PROTOTYPES = YES;
				CLANG_WARN_SUSPICIOUS_MOVE = YES;
				CLANG_WARN_UNGUARDED_AVAILABILITY = YES_AGGRESSIVE;
				CLANG_WARN_UNREACHABLE_CODE = YES;
				CLANG_WARN__DUPLICATE_METHOD_MATCH = YES;
				COPY_PHASE_STRIP = NO;
				DEBUG_INFORMATION_FORMAT = "dwarf-with-dsym";
				ENABLE_NS_ASSERTIONS = NO;
				ENABLE_STRICT_OBJC_MSGSEND = YES;
				GCC_C_LANGUAGE_STANDARD = gnu11;
				GCC_NO_COMMON_BLOCKS = YES;
				GCC_WARN_64_TO_32_BIT_CONVERSION = YES;
				GCC_WARN_ABOUT_RETURN_TYPE = YES_ERROR;
				GCC_WARN_UNDECLARED_SELECTOR = YES;
				GCC_WARN_UNINITIALIZED_AUTOS = YES_AGGRESSIVE;
				GCC_WARN_UNUSED_FUNCTION = YES;
				GCC_WARN_UNUSED_VARIABLE = YES;
				IPHONEOS_DEPLOYMENT_TARGET = 13.4;
				MTL_ENABLE_DEBUG_INFO = NO;
				MTL_FAST_MATH = YES;
				SDKROOT = iphoneos;
				SWIFT_COMPILATION_MODE = wholemodule;
				SWIFT_OPTIMIZATION_LEVEL = "-O";
				VALIDATE_PRODUCT = YES;
			};
			name = Release;
		};
		52597B0224621F6600AC3D07 /* Debug */ = {
			isa = XCBuildConfiguration;
			buildSettings = {
				ASSETCATALOG_COMPILER_APPICON_NAME = AppIcon;
				CODE_SIGN_STYLE = Automatic;
				INFOPLIST_FILE = "QuizApp/Support Files/Info.plist";
				LD_RUNPATH_SEARCH_PATHS = (
					"$(inherited)",
					"@executable_path/Frameworks",
				);
				PRODUCT_BUNDLE_IDENTIFIER = hr.pmf.coskovic.hrvoje.QuizApp;
				PRODUCT_NAME = "$(TARGET_NAME)";
				SWIFT_VERSION = 5.0;
				TARGETED_DEVICE_FAMILY = "1,2";
			};
			name = Debug;
		};
		52597B0324621F6600AC3D07 /* Release */ = {
			isa = XCBuildConfiguration;
			buildSettings = {
				ASSETCATALOG_COMPILER_APPICON_NAME = AppIcon;
				CODE_SIGN_STYLE = Automatic;
				INFOPLIST_FILE = "QuizApp/Support Files/Info.plist";
				LD_RUNPATH_SEARCH_PATHS = (
					"$(inherited)",
					"@executable_path/Frameworks",
				);
				PRODUCT_BUNDLE_IDENTIFIER = hr.pmf.coskovic.hrvoje.QuizApp;
				PRODUCT_NAME = "$(TARGET_NAME)";
				SWIFT_VERSION = 5.0;
				TARGETED_DEVICE_FAMILY = "1,2";
			};
			name = Release;
		};
/* End XCBuildConfiguration section */

/* Begin XCConfigurationList section */
		52597AE824621F6500AC3D07 /* Build configuration list for PBXProject "QuizApp" */ = {
			isa = XCConfigurationList;
			buildConfigurations = (
				52597AFF24621F6600AC3D07 /* Debug */,
				52597B0024621F6600AC3D07 /* Release */,
			);
			defaultConfigurationIsVisible = 0;
			defaultConfigurationName = Release;
		};
		52597B0124621F6600AC3D07 /* Build configuration list for PBXNativeTarget "QuizApp" */ = {
			isa = XCConfigurationList;
			buildConfigurations = (
				52597B0224621F6600AC3D07 /* Debug */,
				52597B0324621F6600AC3D07 /* Release */,
			);
			defaultConfigurationIsVisible = 0;
			defaultConfigurationName = Release;
		};
/* End XCConfigurationList section */
	};
	rootObject = 52597AE524621F6500AC3D07 /* Project object */;
}
